// !$*UTF8*$!
{
	archiveVersion = 1;
	classes = {
	};
	objectVersion = 56;
	objects = {

/* Begin PBXBuildFile section */
		6519BE352CB52A5B007C007B /* CatologyFactsProviderService.swift in Sources */ = {isa = PBXBuildFile; fileRef = 6519BE342CB52A5B007C007B /* CatologyFactsProviderService.swift */; };
		6519BE382CB52BCE007C007B /* CatologyFactsServiceMock.swift in Sources */ = {isa = PBXBuildFile; fileRef = 6519BE372CB52BCE007C007B /* CatologyFactsServiceMock.swift */; };
		6519BE402CB52ED4007C007B /* Array+extension.swift in Sources */ = {isa = PBXBuildFile; fileRef = 6519BE3F2CB52ED4007C007B /* Array+extension.swift */; };
		6519BE422CB52FCB007C007B /* Operators.swift in Sources */ = {isa = PBXBuildFile; fileRef = 6519BE412CB52FCB007C007B /* Operators.swift */; };
		6519BE452CB53C91007C007B /* CatologyMeowFactsRequest.swift in Sources */ = {isa = PBXBuildFile; fileRef = 6519BE442CB53C91007C007B /* CatologyMeowFactsRequest.swift */; };
		6519BE482CB53F97007C007B /* CatologyMeowFactsProvider.swift in Sources */ = {isa = PBXBuildFile; fileRef = 6519BE472CB53F97007C007B /* CatologyMeowFactsProvider.swift */; };
		6519BE4B2CB54890007C007B /* CatologyFactsRequestErrorModel.swift in Sources */ = {isa = PBXBuildFile; fileRef = 6519BE4A2CB54890007C007B /* CatologyFactsRequestErrorModel.swift */; };
		6519BE4D2CB54B44007C007B /* Int+extension.swift in Sources */ = {isa = PBXBuildFile; fileRef = 6519BE4C2CB54B44007C007B /* Int+extension.swift */; };
		6519BE4F2CB61BEE007C007B /* CatologyViewModelTests.swift in Sources */ = {isa = PBXBuildFile; fileRef = 6519BE4E2CB61BEE007C007B /* CatologyViewModelTests.swift */; };
		6519BE522CB67A2D007C007B /* CatologyUITests.swift in Sources */ = {isa = PBXBuildFile; fileRef = 6519BE502CB67A2D007C007B /* CatologyUITests.swift */; };
		6519BE532CB67A2D007C007B /* CatologyUITestsLaunchTests.swift in Sources */ = {isa = PBXBuildFile; fileRef = 6519BE512CB67A2D007C007B /* CatologyUITestsLaunchTests.swift */; };
		6528AE562CB4FE4F00D48DD1 /* CatologyApp.swift in Sources */ = {isa = PBXBuildFile; fileRef = 6528AE552CB4FE4F00D48DD1 /* CatologyApp.swift */; };
		6528AE582CB4FE4F00D48DD1 /* CatologyView.swift in Sources */ = {isa = PBXBuildFile; fileRef = 6528AE572CB4FE4F00D48DD1 /* CatologyView.swift */; };
		6528AE5A2CB4FE5000D48DD1 /* Assets.xcassets in Resources */ = {isa = PBXBuildFile; fileRef = 6528AE592CB4FE5000D48DD1 /* Assets.xcassets */; };
		6528AE5E2CB4FE5000D48DD1 /* Preview Assets.xcassets in Resources */ = {isa = PBXBuildFile; fileRef = 6528AE5D2CB4FE5000D48DD1 /* Preview Assets.xcassets */; };
		6538BE4D2CB5066700391727 /* Launch Screen.storyboard in Resources */ = {isa = PBXBuildFile; fileRef = 6538BE4C2CB5066700391727 /* Launch Screen.storyboard */; };
		65A124FC2CB67F71003BCB6D /* MockedModels.swift in Sources */ = {isa = PBXBuildFile; fileRef = 65A124FB2CB67F71003BCB6D /* MockedModels.swift */; };
		65A124FE2CB69DF7003BCB6D /* CatologyContentModel.swift in Sources */ = {isa = PBXBuildFile; fileRef = 65A124FD2CB69DF7003BCB6D /* CatologyContentModel.swift */; };
		65A125012CB752EA003BCB6D /* CatologyViewModel.swift in Sources */ = {isa = PBXBuildFile; fileRef = 65A125002CB752EA003BCB6D /* CatologyViewModel.swift */; };
		65A125042CB7A1FD003BCB6D /* ProgressViewLoader.swift in Sources */ = {isa = PBXBuildFile; fileRef = 65A125032CB7A1FD003BCB6D /* ProgressViewLoader.swift */; };
		CA78A0824A5691BFA7968CB1 /* Pods_Catology.framework in Frameworks */ = {isa = PBXBuildFile; fileRef = EA4DF302FDA7340378BFD1F0 /* Pods_Catology.framework */; };
/* End PBXBuildFile section */

/* Begin PBXContainerItemProxy section */
		6528AE642CB4FE5000D48DD1 /* PBXContainerItemProxy */ = {
			isa = PBXContainerItemProxy;
			containerPortal = 6528AE4A2CB4FE4E00D48DD1 /* Project object */;
			proxyType = 1;
			remoteGlobalIDString = 6528AE512CB4FE4E00D48DD1;
			remoteInfo = Catology;
		};
		6528AE6E2CB4FE5000D48DD1 /* PBXContainerItemProxy */ = {
			isa = PBXContainerItemProxy;
			containerPortal = 6528AE4A2CB4FE4E00D48DD1 /* Project object */;
			proxyType = 1;
			remoteGlobalIDString = 6528AE512CB4FE4E00D48DD1;
			remoteInfo = Catology;
		};
/* End PBXContainerItemProxy section */

/* Begin PBXFileReference section */
		2B88A9F3F5529E60EBD85FAA /* Pods-Catology.release.xcconfig */ = {isa = PBXFileReference; includeInIndex = 1; lastKnownFileType = text.xcconfig; name = "Pods-Catology.release.xcconfig"; path = "Target Support Files/Pods-Catology/Pods-Catology.release.xcconfig"; sourceTree = "<group>"; };
		6519BE342CB52A5B007C007B /* CatologyFactsProviderService.swift */ = {isa = PBXFileReference; lastKnownFileType = sourcecode.swift; path = CatologyFactsProviderService.swift; sourceTree = "<group>"; };
		6519BE372CB52BCE007C007B /* CatologyFactsServiceMock.swift */ = {isa = PBXFileReference; lastKnownFileType = sourcecode.swift; path = CatologyFactsServiceMock.swift; sourceTree = "<group>"; };
		6519BE3F2CB52ED4007C007B /* Array+extension.swift */ = {isa = PBXFileReference; lastKnownFileType = sourcecode.swift; path = "Array+extension.swift"; sourceTree = "<group>"; };
		6519BE412CB52FCB007C007B /* Operators.swift */ = {isa = PBXFileReference; lastKnownFileType = sourcecode.swift; path = Operators.swift; sourceTree = "<group>"; };
		6519BE442CB53C91007C007B /* CatologyMeowFactsRequest.swift */ = {isa = PBXFileReference; lastKnownFileType = sourcecode.swift; path = CatologyMeowFactsRequest.swift; sourceTree = "<group>"; };
		6519BE472CB53F97007C007B /* CatologyMeowFactsProvider.swift */ = {isa = PBXFileReference; lastKnownFileType = sourcecode.swift; path = CatologyMeowFactsProvider.swift; sourceTree = "<group>"; };
		6519BE4A2CB54890007C007B /* CatologyFactsRequestErrorModel.swift */ = {isa = PBXFileReference; lastKnownFileType = sourcecode.swift; path = CatologyFactsRequestErrorModel.swift; sourceTree = "<group>"; };
		6519BE4C2CB54B44007C007B /* Int+extension.swift */ = {isa = PBXFileReference; lastKnownFileType = sourcecode.swift; path = "Int+extension.swift"; sourceTree = "<group>"; };
		6519BE4E2CB61BEE007C007B /* CatologyViewModelTests.swift */ = {isa = PBXFileReference; lastKnownFileType = sourcecode.swift; path = CatologyViewModelTests.swift; sourceTree = "<group>"; };
		6519BE502CB67A2D007C007B /* CatologyUITests.swift */ = {isa = PBXFileReference; fileEncoding = 4; lastKnownFileType = sourcecode.swift; path = CatologyUITests.swift; sourceTree = "<group>"; };
		6519BE512CB67A2D007C007B /* CatologyUITestsLaunchTests.swift */ = {isa = PBXFileReference; fileEncoding = 4; lastKnownFileType = sourcecode.swift; path = CatologyUITestsLaunchTests.swift; sourceTree = "<group>"; };
		6528AE522CB4FE4F00D48DD1 /* Catology.app */ = {isa = PBXFileReference; explicitFileType = wrapper.application; includeInIndex = 0; path = Catology.app; sourceTree = BUILT_PRODUCTS_DIR; };
		6528AE552CB4FE4F00D48DD1 /* CatologyApp.swift */ = {isa = PBXFileReference; lastKnownFileType = sourcecode.swift; path = CatologyApp.swift; sourceTree = "<group>"; };
		6528AE572CB4FE4F00D48DD1 /* CatologyView.swift */ = {isa = PBXFileReference; lastKnownFileType = sourcecode.swift; path = CatologyView.swift; sourceTree = "<group>"; };
		6528AE592CB4FE5000D48DD1 /* Assets.xcassets */ = {isa = PBXFileReference; lastKnownFileType = folder.assetcatalog; path = Assets.xcassets; sourceTree = "<group>"; };
		6528AE5B2CB4FE5000D48DD1 /* Catology.entitlements */ = {isa = PBXFileReference; lastKnownFileType = text.plist.entitlements; path = Catology.entitlements; sourceTree = "<group>"; };
		6528AE5D2CB4FE5000D48DD1 /* Preview Assets.xcassets */ = {isa = PBXFileReference; lastKnownFileType = folder.assetcatalog; path = "Preview Assets.xcassets"; sourceTree = "<group>"; };
		6528AE632CB4FE5000D48DD1 /* CatologyTests.xctest */ = {isa = PBXFileReference; explicitFileType = wrapper.cfbundle; includeInIndex = 0; path = CatologyTests.xctest; sourceTree = BUILT_PRODUCTS_DIR; };
		6528AE6D2CB4FE5000D48DD1 /* CatologyUITests.xctest */ = {isa = PBXFileReference; explicitFileType = wrapper.cfbundle; includeInIndex = 0; path = CatologyUITests.xctest; sourceTree = BUILT_PRODUCTS_DIR; };
		6538BE4C2CB5066700391727 /* Launch Screen.storyboard */ = {isa = PBXFileReference; lastKnownFileType = file.storyboard; path = "Launch Screen.storyboard"; sourceTree = "<group>"; };
		65A124FB2CB67F71003BCB6D /* MockedModels.swift */ = {isa = PBXFileReference; lastKnownFileType = sourcecode.swift; path = MockedModels.swift; sourceTree = "<group>"; };
		65A124FD2CB69DF7003BCB6D /* CatologyContentModel.swift */ = {isa = PBXFileReference; lastKnownFileType = sourcecode.swift; path = CatologyContentModel.swift; sourceTree = "<group>"; };
		65A125002CB752EA003BCB6D /* CatologyViewModel.swift */ = {isa = PBXFileReference; lastKnownFileType = sourcecode.swift; path = CatologyViewModel.swift; sourceTree = "<group>"; };
		65A125032CB7A1FD003BCB6D /* ProgressViewLoader.swift */ = {isa = PBXFileReference; lastKnownFileType = sourcecode.swift; path = ProgressViewLoader.swift; sourceTree = "<group>"; };
		95C8667765344838135E42AE /* Pods-Catology.debug.xcconfig */ = {isa = PBXFileReference; includeInIndex = 1; lastKnownFileType = text.xcconfig; name = "Pods-Catology.debug.xcconfig"; path = "Target Support Files/Pods-Catology/Pods-Catology.debug.xcconfig"; sourceTree = "<group>"; };
		EA4DF302FDA7340378BFD1F0 /* Pods_Catology.framework */ = {isa = PBXFileReference; explicitFileType = wrapper.framework; includeInIndex = 0; path = Pods_Catology.framework; sourceTree = BUILT_PRODUCTS_DIR; };
/* End PBXFileReference section */

/* Begin PBXFrameworksBuildPhase section */
		6528AE4F2CB4FE4E00D48DD1 /* Frameworks */ = {
			isa = PBXFrameworksBuildPhase;
			buildActionMask = 2147483647;
			files = (
				CA78A0824A5691BFA7968CB1 /* Pods_Catology.framework in Frameworks */,
			);
			runOnlyForDeploymentPostprocessing = 0;
		};
		6528AE602CB4FE5000D48DD1 /* Frameworks */ = {
			isa = PBXFrameworksBuildPhase;
			buildActionMask = 2147483647;
			files = (
			);
			runOnlyForDeploymentPostprocessing = 0;
		};
		6528AE6A2CB4FE5000D48DD1 /* Frameworks */ = {
			isa = PBXFrameworksBuildPhase;
			buildActionMask = 2147483647;
			files = (
			);
			runOnlyForDeploymentPostprocessing = 0;
		};
/* End PBXFrameworksBuildPhase section */

/* Begin PBXGroup section */
		1EFB6498D9E25415B6C39340 /* Frameworks */ = {
			isa = PBXGroup;
			children = (
				EA4DF302FDA7340378BFD1F0 /* Pods_Catology.framework */,
			);
			name = Frameworks;
			sourceTree = "<group>";
		};
		6519BE312CB52996007C007B /* services */ = {
			isa = PBXGroup;
			children = (
				6519BE342CB52A5B007C007B /* CatologyFactsProviderService.swift */,
			);
			path = services;
			sourceTree = "<group>";
		};
		6519BE362CB52BC3007C007B /* mock */ = {
			isa = PBXGroup;
			children = (
				6519BE372CB52BCE007C007B /* CatologyFactsServiceMock.swift */,
				65A124FB2CB67F71003BCB6D /* MockedModels.swift */,
			);
			path = mock;
			sourceTree = "<group>";
		};
		6519BE392CB52D05007C007B /* models */ = {
			isa = PBXGroup;
			children = (
				6519BE4A2CB54890007C007B /* CatologyFactsRequestErrorModel.swift */,
				65A124FD2CB69DF7003BCB6D /* CatologyContentModel.swift */,
			);
			path = models;
			sourceTree = "<group>";
		};
		6519BE3C2CB52EB2007C007B /* util */ = {
			isa = PBXGroup;
			children = (
				6519BE3D2CB52EB6007C007B /* extensions */,
				6519BE412CB52FCB007C007B /* Operators.swift */,
			);
			path = util;
			sourceTree = "<group>";
		};
		6519BE3D2CB52EB6007C007B /* extensions */ = {
			isa = PBXGroup;
			children = (
				6519BE3F2CB52ED4007C007B /* Array+extension.swift */,
				6519BE4C2CB54B44007C007B /* Int+extension.swift */,
			);
			path = extensions;
			sourceTree = "<group>";
		};
		6519BE432CB53C38007C007B /* requests */ = {
			isa = PBXGroup;
			children = (
				6519BE442CB53C91007C007B /* CatologyMeowFactsRequest.swift */,
			);
			path = requests;
			sourceTree = "<group>";
		};
		6519BE462CB53F80007C007B /* providers */ = {
			isa = PBXGroup;
			children = (
				6519BE472CB53F97007C007B /* CatologyMeowFactsProvider.swift */,
			);
			path = providers;
			sourceTree = "<group>";
		};
		6528AE492CB4FE4E00D48DD1 = {
			isa = PBXGroup;
			children = (
				6528AE542CB4FE4F00D48DD1 /* Catology */,
				6528AE662CB4FE5000D48DD1 /* CatologyTests */,
				6528AE702CB4FE5000D48DD1 /* CatologyUITests */,
				6528AE532CB4FE4F00D48DD1 /* Products */,
				98D75BBAF4DB525EDE7BCF73 /* Pods */,
				1EFB6498D9E25415B6C39340 /* Frameworks */,
			);
			sourceTree = "<group>";
		};
		6528AE532CB4FE4F00D48DD1 /* Products */ = {
			isa = PBXGroup;
			children = (
				6528AE522CB4FE4F00D48DD1 /* Catology.app */,
				6528AE632CB4FE5000D48DD1 /* CatologyTests.xctest */,
				6528AE6D2CB4FE5000D48DD1 /* CatologyUITests.xctest */,
			);
			name = Products;
			sourceTree = "<group>";
		};
		6528AE542CB4FE4F00D48DD1 /* Catology */ = {
			isa = PBXGroup;
			children = (
				65A125022CB7A1E3003BCB6D /* views */,
				65A124FF2CB752DC003BCB6D /* viewModels */,
				6519BE462CB53F80007C007B /* providers */,
				6519BE432CB53C38007C007B /* requests */,
				6519BE3C2CB52EB2007C007B /* util */,
				6519BE392CB52D05007C007B /* models */,
				6519BE312CB52996007C007B /* services */,
				6528AE552CB4FE4F00D48DD1 /* CatologyApp.swift */,
				6528AE592CB4FE5000D48DD1 /* Assets.xcassets */,
				6528AE5B2CB4FE5000D48DD1 /* Catology.entitlements */,
				6528AE5C2CB4FE5000D48DD1 /* Preview Content */,
				6538BE4C2CB5066700391727 /* Launch Screen.storyboard */,
			);
			path = Catology;
			sourceTree = "<group>";
		};
		6528AE5C2CB4FE5000D48DD1 /* Preview Content */ = {
			isa = PBXGroup;
			children = (
				6528AE5D2CB4FE5000D48DD1 /* Preview Assets.xcassets */,
			);
			path = "Preview Content";
			sourceTree = "<group>";
		};
		6528AE662CB4FE5000D48DD1 /* CatologyTests */ = {
			isa = PBXGroup;
			children = (
				6519BE362CB52BC3007C007B /* mock */,
				6519BE4E2CB61BEE007C007B /* CatologyViewModelTests.swift */,
			);
			path = CatologyTests;
			sourceTree = "<group>";
		};
		6528AE702CB4FE5000D48DD1 /* CatologyUITests */ = {
			isa = PBXGroup;
			children = (
				6519BE502CB67A2D007C007B /* CatologyUITests.swift */,
				6519BE512CB67A2D007C007B /* CatologyUITestsLaunchTests.swift */,
			);
			path = CatologyUITests;
			sourceTree = "<group>";
		};
		65A124FF2CB752DC003BCB6D /* viewModels */ = {
			isa = PBXGroup;
			children = (
				65A125002CB752EA003BCB6D /* CatologyViewModel.swift */,
			);
			path = viewModels;
			sourceTree = "<group>";
		};
		65A125022CB7A1E3003BCB6D /* views */ = {
			isa = PBXGroup;
			children = (
				6528AE572CB4FE4F00D48DD1 /* CatologyView.swift */,
				65A125032CB7A1FD003BCB6D /* ProgressViewLoader.swift */,
			);
			path = views;
			sourceTree = "<group>";
		};
		98D75BBAF4DB525EDE7BCF73 /* Pods */ = {
			isa = PBXGroup;
			children = (
				95C8667765344838135E42AE /* Pods-Catology.debug.xcconfig */,
				2B88A9F3F5529E60EBD85FAA /* Pods-Catology.release.xcconfig */,
			);
			path = Pods;
			sourceTree = "<group>";
		};
/* End PBXGroup section */

/* Begin PBXNativeTarget section */
		6528AE512CB4FE4E00D48DD1 /* Catology */ = {
			isa = PBXNativeTarget;
			buildConfigurationList = 6528AE772CB4FE5000D48DD1 /* Build configuration list for PBXNativeTarget "Catology" */;
			buildPhases = (
				F679E60CA0BB06736DD749BB /* [CP] Check Pods Manifest.lock */,
				6528AE4E2CB4FE4E00D48DD1 /* Sources */,
				6528AE4F2CB4FE4E00D48DD1 /* Frameworks */,
				6528AE502CB4FE4E00D48DD1 /* Resources */,
				380457B13BBCBB3B6ED3FAB5 /* [CP] Embed Pods Frameworks */,
			);
			buildRules = (
			);
			dependencies = (
			);
			name = Catology;
			productName = Catology;
			productReference = 6528AE522CB4FE4F00D48DD1 /* Catology.app */;
			productType = "com.apple.product-type.application";
		};
		6528AE622CB4FE5000D48DD1 /* CatologyTests */ = {
			isa = PBXNativeTarget;
			buildConfigurationList = 6528AE7A2CB4FE5000D48DD1 /* Build configuration list for PBXNativeTarget "CatologyTests" */;
			buildPhases = (
				6528AE5F2CB4FE5000D48DD1 /* Sources */,
				6528AE602CB4FE5000D48DD1 /* Frameworks */,
				6528AE612CB4FE5000D48DD1 /* Resources */,
			);
			buildRules = (
			);
			dependencies = (
				6528AE652CB4FE5000D48DD1 /* PBXTargetDependency */,
			);
			name = CatologyTests;
			productName = CatologyTests;
			productReference = 6528AE632CB4FE5000D48DD1 /* CatologyTests.xctest */;
			productType = "com.apple.product-type.bundle.unit-test";
		};
		6528AE6C2CB4FE5000D48DD1 /* CatologyUITests */ = {
			isa = PBXNativeTarget;
			buildConfigurationList = 6528AE7D2CB4FE5000D48DD1 /* Build configuration list for PBXNativeTarget "CatologyUITests" */;
			buildPhases = (
				6528AE692CB4FE5000D48DD1 /* Sources */,
				6528AE6A2CB4FE5000D48DD1 /* Frameworks */,
				6528AE6B2CB4FE5000D48DD1 /* Resources */,
			);
			buildRules = (
			);
			dependencies = (
				6528AE6F2CB4FE5000D48DD1 /* PBXTargetDependency */,
			);
			name = CatologyUITests;
			productName = CatologyUITests;
			productReference = 6528AE6D2CB4FE5000D48DD1 /* CatologyUITests.xctest */;
			productType = "com.apple.product-type.bundle.ui-testing";
		};
/* End PBXNativeTarget section */

/* Begin PBXProject section */
		6528AE4A2CB4FE4E00D48DD1 /* Project object */ = {
			isa = PBXProject;
			attributes = {
				BuildIndependentTargetsInParallel = 1;
				LastSwiftUpdateCheck = 1540;
				LastUpgradeCheck = 1540;
				TargetAttributes = {
					6528AE512CB4FE4E00D48DD1 = {
						CreatedOnToolsVersion = 15.4;
					};
					6528AE622CB4FE5000D48DD1 = {
						CreatedOnToolsVersion = 15.4;
						LastSwiftMigration = 1540;
						TestTargetID = 6528AE512CB4FE4E00D48DD1;
					};
					6528AE6C2CB4FE5000D48DD1 = {
						CreatedOnToolsVersion = 15.4;
						LastSwiftMigration = 1540;
						TestTargetID = 6528AE512CB4FE4E00D48DD1;
					};
				};
			};
			buildConfigurationList = 6528AE4D2CB4FE4E00D48DD1 /* Build configuration list for PBXProject "Catology" */;
			compatibilityVersion = "Xcode 14.0";
			developmentRegion = en;
			hasScannedForEncodings = 0;
			knownRegions = (
				en,
				Base,
			);
			mainGroup = 6528AE492CB4FE4E00D48DD1;
			productRefGroup = 6528AE532CB4FE4F00D48DD1 /* Products */;
			projectDirPath = "";
			projectRoot = "";
			targets = (
				6528AE512CB4FE4E00D48DD1 /* Catology */,
				6528AE622CB4FE5000D48DD1 /* CatologyTests */,
				6528AE6C2CB4FE5000D48DD1 /* CatologyUITests */,
			);
		};
/* End PBXProject section */

/* Begin PBXResourcesBuildPhase section */
		6528AE502CB4FE4E00D48DD1 /* Resources */ = {
			isa = PBXResourcesBuildPhase;
			buildActionMask = 2147483647;
			files = (
				6538BE4D2CB5066700391727 /* Launch Screen.storyboard in Resources */,
				6528AE5E2CB4FE5000D48DD1 /* Preview Assets.xcassets in Resources */,
				6528AE5A2CB4FE5000D48DD1 /* Assets.xcassets in Resources */,
			);
			runOnlyForDeploymentPostprocessing = 0;
		};
		6528AE612CB4FE5000D48DD1 /* Resources */ = {
			isa = PBXResourcesBuildPhase;
			buildActionMask = 2147483647;
			files = (
			);
			runOnlyForDeploymentPostprocessing = 0;
		};
		6528AE6B2CB4FE5000D48DD1 /* Resources */ = {
			isa = PBXResourcesBuildPhase;
			buildActionMask = 2147483647;
			files = (
			);
			runOnlyForDeploymentPostprocessing = 0;
		};
/* End PBXResourcesBuildPhase section */

/* Begin PBXShellScriptBuildPhase section */
		380457B13BBCBB3B6ED3FAB5 /* [CP] Embed Pods Frameworks */ = {
			isa = PBXShellScriptBuildPhase;
			buildActionMask = 2147483647;
			files = (
			);
			inputFileListPaths = (
				"${PODS_ROOT}/Target Support Files/Pods-Catology/Pods-Catology-frameworks-${CONFIGURATION}-input-files.xcfilelist",
			);
			name = "[CP] Embed Pods Frameworks";
			outputFileListPaths = (
				"${PODS_ROOT}/Target Support Files/Pods-Catology/Pods-Catology-frameworks-${CONFIGURATION}-output-files.xcfilelist",
			);
			runOnlyForDeploymentPostprocessing = 0;
			shellPath = /bin/sh;
			shellScript = "\"${PODS_ROOT}/Target Support Files/Pods-Catology/Pods-Catology-frameworks.sh\"\n";
			showEnvVarsInLog = 0;
		};
		F679E60CA0BB06736DD749BB /* [CP] Check Pods Manifest.lock */ = {
			isa = PBXShellScriptBuildPhase;
			buildActionMask = 2147483647;
			files = (
			);
			inputFileListPaths = (
			);
			inputPaths = (
				"${PODS_PODFILE_DIR_PATH}/Podfile.lock",
				"${PODS_ROOT}/Manifest.lock",
			);
			name = "[CP] Check Pods Manifest.lock";
			outputFileListPaths = (
			);
			outputPaths = (
				"$(DERIVED_FILE_DIR)/Pods-Catology-checkManifestLockResult.txt",
			);
			runOnlyForDeploymentPostprocessing = 0;
			shellPath = /bin/sh;
			shellScript = "diff \"${PODS_PODFILE_DIR_PATH}/Podfile.lock\" \"${PODS_ROOT}/Manifest.lock\" > /dev/null\nif [ $? != 0 ] ; then\n    # print error to STDERR\n    echo \"error: The sandbox is not in sync with the Podfile.lock. Run 'pod install' or update your CocoaPods installation.\" >&2\n    exit 1\nfi\n# This output is used by Xcode 'outputs' to avoid re-running this script phase.\necho \"SUCCESS\" > \"${SCRIPT_OUTPUT_FILE_0}\"\n";
			showEnvVarsInLog = 0;
		};
/* End PBXShellScriptBuildPhase section */

/* Begin PBXSourcesBuildPhase section */
		6528AE4E2CB4FE4E00D48DD1 /* Sources */ = {
			isa = PBXSourcesBuildPhase;
			buildActionMask = 2147483647;
			files = (
				6519BE482CB53F97007C007B /* CatologyMeowFactsProvider.swift in Sources */,
				6528AE582CB4FE4F00D48DD1 /* CatologyView.swift in Sources */,
				6519BE352CB52A5B007C007B /* CatologyFactsProviderService.swift in Sources */,
				6519BE402CB52ED4007C007B /* Array+extension.swift in Sources */,
				65A124FE2CB69DF7003BCB6D /* CatologyContentModel.swift in Sources */,
				6519BE452CB53C91007C007B /* CatologyMeowFactsRequest.swift in Sources */,
				6528AE562CB4FE4F00D48DD1 /* CatologyApp.swift in Sources */,
				65A125012CB752EA003BCB6D /* CatologyViewModel.swift in Sources */,
				6519BE4D2CB54B44007C007B /* Int+extension.swift in Sources */,
				6519BE422CB52FCB007C007B /* Operators.swift in Sources */,
				65A125042CB7A1FD003BCB6D /* ProgressViewLoader.swift in Sources */,
				6519BE4B2CB54890007C007B /* CatologyFactsRequestErrorModel.swift in Sources */,
			);
			runOnlyForDeploymentPostprocessing = 0;
		};
		6528AE5F2CB4FE5000D48DD1 /* Sources */ = {
			isa = PBXSourcesBuildPhase;
			buildActionMask = 2147483647;
			files = (
				6519BE4F2CB61BEE007C007B /* CatologyViewModelTests.swift in Sources */,
				65A124FC2CB67F71003BCB6D /* MockedModels.swift in Sources */,
				6519BE382CB52BCE007C007B /* CatologyFactsServiceMock.swift in Sources */,
			);
			runOnlyForDeploymentPostprocessing = 0;
		};
		6528AE692CB4FE5000D48DD1 /* Sources */ = {
			isa = PBXSourcesBuildPhase;
			buildActionMask = 2147483647;
			files = (
				6519BE532CB67A2D007C007B /* CatologyUITestsLaunchTests.swift in Sources */,
				6519BE522CB67A2D007C007B /* CatologyUITests.swift in Sources */,
			);
			runOnlyForDeploymentPostprocessing = 0;
		};
/* End PBXSourcesBuildPhase section */

/* Begin PBXTargetDependency section */
		6528AE652CB4FE5000D48DD1 /* PBXTargetDependency */ = {
			isa = PBXTargetDependency;
			target = 6528AE512CB4FE4E00D48DD1 /* Catology */;
			targetProxy = 6528AE642CB4FE5000D48DD1 /* PBXContainerItemProxy */;
		};
		6528AE6F2CB4FE5000D48DD1 /* PBXTargetDependency */ = {
			isa = PBXTargetDependency;
			target = 6528AE512CB4FE4E00D48DD1 /* Catology */;
			targetProxy = 6528AE6E2CB4FE5000D48DD1 /* PBXContainerItemProxy */;
		};
/* End PBXTargetDependency section */

/* Begin XCBuildConfiguration section */
		6528AE752CB4FE5000D48DD1 /* Debug */ = {
			isa = XCBuildConfiguration;
			buildSettings = {
				ALWAYS_SEARCH_USER_PATHS = NO;
				ASSETCATALOG_COMPILER_GENERATE_SWIFT_ASSET_SYMBOL_EXTENSIONS = YES;
				CLANG_ANALYZER_NONNULL = YES;
				CLANG_ANALYZER_NUMBER_OBJECT_CONVERSION = YES_AGGRESSIVE;
				CLANG_CXX_LANGUAGE_STANDARD = "gnu++20";
				CLANG_ENABLE_MODULES = YES;
				CLANG_ENABLE_OBJC_ARC = YES;
				CLANG_ENABLE_OBJC_WEAK = YES;
				CLANG_WARN_BLOCK_CAPTURE_AUTORELEASING = YES;
				CLANG_WARN_BOOL_CONVERSION = YES;
				CLANG_WARN_COMMA = YES;
				CLANG_WARN_CONSTANT_CONVERSION = YES;
				CLANG_WARN_DEPRECATED_OBJC_IMPLEMENTATIONS = YES;
				CLANG_WARN_DIRECT_OBJC_ISA_USAGE = YES_ERROR;
				CLANG_WARN_DOCUMENTATION_COMMENTS = YES;
				CLANG_WARN_EMPTY_BODY = YES;
				CLANG_WARN_ENUM_CONVERSION = YES;
				CLANG_WARN_INFINITE_RECURSION = YES;
				CLANG_WARN_INT_CONVERSION = YES;
				CLANG_WARN_NON_LITERAL_NULL_CONVERSION = YES;
				CLANG_WARN_OBJC_IMPLICIT_RETAIN_SELF = YES;
				CLANG_WARN_OBJC_LITERAL_CONVERSION = YES;
				CLANG_WARN_OBJC_ROOT_CLASS = YES_ERROR;
				CLANG_WARN_QUOTED_INCLUDE_IN_FRAMEWORK_HEADER = YES;
				CLANG_WARN_RANGE_LOOP_ANALYSIS = YES;
				CLANG_WARN_STRICT_PROTOTYPES = YES;
				CLANG_WARN_SUSPICIOUS_MOVE = YES;
				CLANG_WARN_UNGUARDED_AVAILABILITY = YES_AGGRESSIVE;
				CLANG_WARN_UNREACHABLE_CODE = YES;
				CLANG_WARN__DUPLICATE_METHOD_MATCH = YES;
				COPY_PHASE_STRIP = NO;
				DEBUG_INFORMATION_FORMAT = dwarf;
				ENABLE_STRICT_OBJC_MSGSEND = YES;
				ENABLE_TESTABILITY = YES;
				ENABLE_USER_SCRIPT_SANDBOXING = YES;
				GCC_C_LANGUAGE_STANDARD = gnu17;
				GCC_DYNAMIC_NO_PIC = NO;
				GCC_NO_COMMON_BLOCKS = YES;
				GCC_OPTIMIZATION_LEVEL = 0;
				GCC_PREPROCESSOR_DEFINITIONS = (
					"DEBUG=1",
					"$(inherited)",
				);
				GCC_WARN_64_TO_32_BIT_CONVERSION = YES;
				GCC_WARN_ABOUT_RETURN_TYPE = YES_ERROR;
				GCC_WARN_UNDECLARED_SELECTOR = YES;
				GCC_WARN_UNINITIALIZED_AUTOS = YES_AGGRESSIVE;
				GCC_WARN_UNUSED_FUNCTION = YES;
				GCC_WARN_UNUSED_VARIABLE = YES;
				LOCALIZATION_PREFERS_STRING_CATALOGS = YES;
				MTL_ENABLE_DEBUG_INFO = INCLUDE_SOURCE;
				MTL_FAST_MATH = YES;
				ONLY_ACTIVE_ARCH = YES;
				SWIFT_ACTIVE_COMPILATION_CONDITIONS = "DEBUG $(inherited)";
				SWIFT_OPTIMIZATION_LEVEL = "-Onone";
			};
			name = Debug;
		};
		6528AE762CB4FE5000D48DD1 /* Release */ = {
			isa = XCBuildConfiguration;
			buildSettings = {
				ALWAYS_SEARCH_USER_PATHS = NO;
				ASSETCATALOG_COMPILER_GENERATE_SWIFT_ASSET_SYMBOL_EXTENSIONS = YES;
				CLANG_ANALYZER_NONNULL = YES;
				CLANG_ANALYZER_NUMBER_OBJECT_CONVERSION = YES_AGGRESSIVE;
				CLANG_CXX_LANGUAGE_STANDARD = "gnu++20";
				CLANG_ENABLE_MODULES = YES;
				CLANG_ENABLE_OBJC_ARC = YES;
				CLANG_ENABLE_OBJC_WEAK = YES;
				CLANG_WARN_BLOCK_CAPTURE_AUTORELEASING = YES;
				CLANG_WARN_BOOL_CONVERSION = YES;
				CLANG_WARN_COMMA = YES;
				CLANG_WARN_CONSTANT_CONVERSION = YES;
				CLANG_WARN_DEPRECATED_OBJC_IMPLEMENTATIONS = YES;
				CLANG_WARN_DIRECT_OBJC_ISA_USAGE = YES_ERROR;
				CLANG_WARN_DOCUMENTATION_COMMENTS = YES;
				CLANG_WARN_EMPTY_BODY = YES;
				CLANG_WARN_ENUM_CONVERSION = YES;
				CLANG_WARN_INFINITE_RECURSION = YES;
				CLANG_WARN_INT_CONVERSION = YES;
				CLANG_WARN_NON_LITERAL_NULL_CONVERSION = YES;
				CLANG_WARN_OBJC_IMPLICIT_RETAIN_SELF = YES;
				CLANG_WARN_OBJC_LITERAL_CONVERSION = YES;
				CLANG_WARN_OBJC_ROOT_CLASS = YES_ERROR;
				CLANG_WARN_QUOTED_INCLUDE_IN_FRAMEWORK_HEADER = YES;
				CLANG_WARN_RANGE_LOOP_ANALYSIS = YES;
				CLANG_WARN_STRICT_PROTOTYPES = YES;
				CLANG_WARN_SUSPICIOUS_MOVE = YES;
				CLANG_WARN_UNGUARDED_AVAILABILITY = YES_AGGRESSIVE;
				CLANG_WARN_UNREACHABLE_CODE = YES;
				CLANG_WARN__DUPLICATE_METHOD_MATCH = YES;
				COPY_PHASE_STRIP = NO;
				DEBUG_INFORMATION_FORMAT = "dwarf-with-dsym";
				ENABLE_NS_ASSERTIONS = NO;
				ENABLE_STRICT_OBJC_MSGSEND = YES;
				ENABLE_USER_SCRIPT_SANDBOXING = YES;
				GCC_C_LANGUAGE_STANDARD = gnu17;
				GCC_NO_COMMON_BLOCKS = YES;
				GCC_WARN_64_TO_32_BIT_CONVERSION = YES;
				GCC_WARN_ABOUT_RETURN_TYPE = YES_ERROR;
				GCC_WARN_UNDECLARED_SELECTOR = YES;
				GCC_WARN_UNINITIALIZED_AUTOS = YES_AGGRESSIVE;
				GCC_WARN_UNUSED_FUNCTION = YES;
				GCC_WARN_UNUSED_VARIABLE = YES;
				LOCALIZATION_PREFERS_STRING_CATALOGS = YES;
				MTL_ENABLE_DEBUG_INFO = NO;
				MTL_FAST_MATH = YES;
				SWIFT_COMPILATION_MODE = wholemodule;
			};
			name = Release;
		};
		6528AE782CB4FE5000D48DD1 /* Debug */ = {
			isa = XCBuildConfiguration;
			baseConfigurationReference = 95C8667765344838135E42AE /* Pods-Catology.debug.xcconfig */;
			buildSettings = {
				ASSETCATALOG_COMPILER_APPICON_NAME = AppIcon;
				ASSETCATALOG_COMPILER_GLOBAL_ACCENT_COLOR_NAME = AccentColor;
				CODE_SIGN_ENTITLEMENTS = Catology/Catology.entitlements;
				CODE_SIGN_STYLE = Automatic;
				CURRENT_PROJECT_VERSION = 1;
				DEVELOPMENT_ASSET_PATHS = "\"Catology/Preview Content\"";
				DEVELOPMENT_TEAM = 6R373M5SPD;
				ENABLE_HARDENED_RUNTIME = YES;
				ENABLE_PREVIEWS = YES;
				ENABLE_USER_SCRIPT_SANDBOXING = NO;
				GENERATE_INFOPLIST_FILE = YES;
				"INFOPLIST_KEY_UIApplicationSceneManifest_Generation[sdk=iphoneos*]" = YES;
				"INFOPLIST_KEY_UIApplicationSceneManifest_Generation[sdk=iphonesimulator*]" = YES;
				"INFOPLIST_KEY_UIApplicationSupportsIndirectInputEvents[sdk=iphoneos*]" = YES;
				"INFOPLIST_KEY_UIApplicationSupportsIndirectInputEvents[sdk=iphonesimulator*]" = YES;
				"INFOPLIST_KEY_UILaunchScreen_Generation[sdk=iphoneos*]" = YES;
				"INFOPLIST_KEY_UILaunchScreen_Generation[sdk=iphonesimulator*]" = YES;
				INFOPLIST_KEY_UILaunchStoryboardName = "Launch Screen.storyboard";
				"INFOPLIST_KEY_UIStatusBarStyle[sdk=iphoneos*]" = UIStatusBarStyleDefault;
				"INFOPLIST_KEY_UIStatusBarStyle[sdk=iphonesimulator*]" = UIStatusBarStyleDefault;
				INFOPLIST_KEY_UISupportedInterfaceOrientations = UIInterfaceOrientationPortrait;
				INFOPLIST_KEY_UISupportedInterfaceOrientations_iPad = "UIInterfaceOrientationLandscapeLeft UIInterfaceOrientationLandscapeRight UIInterfaceOrientationPortrait UIInterfaceOrientationPortraitUpsideDown";
				IPHONEOS_DEPLOYMENT_TARGET = 16.0;
				LD_RUNPATH_SEARCH_PATHS = "@executable_path/Frameworks";
				"LD_RUNPATH_SEARCH_PATHS[sdk=macosx*]" = "@executable_path/../Frameworks";
				MACOSX_DEPLOYMENT_TARGET = 14.2;
				MARKETING_VERSION = 1.0;
				PRODUCT_BUNDLE_IDENTIFIER = emman.Catology;
				PRODUCT_NAME = "$(TARGET_NAME)";
				SDKROOT = auto;
				SUPPORTED_PLATFORMS = "iphoneos iphonesimulator";
				SUPPORTS_MACCATALYST = NO;
				SWIFT_EMIT_LOC_STRINGS = YES;
				SWIFT_VERSION = 5.0;
				TARGETED_DEVICE_FAMILY = 1;
			};
			name = Debug;
		};
		6528AE792CB4FE5000D48DD1 /* Release */ = {
			isa = XCBuildConfiguration;
			baseConfigurationReference = 2B88A9F3F5529E60EBD85FAA /* Pods-Catology.release.xcconfig */;
			buildSettings = {
				ASSETCATALOG_COMPILER_APPICON_NAME = AppIcon;
				ASSETCATALOG_COMPILER_GLOBAL_ACCENT_COLOR_NAME = AccentColor;
				CODE_SIGN_ENTITLEMENTS = Catology/Catology.entitlements;
				CODE_SIGN_STYLE = Automatic;
				CURRENT_PROJECT_VERSION = 1;
				DEVELOPMENT_ASSET_PATHS = "\"Catology/Preview Content\"";
				DEVELOPMENT_TEAM = 6R373M5SPD;
				ENABLE_HARDENED_RUNTIME = YES;
				ENABLE_PREVIEWS = YES;
				ENABLE_USER_SCRIPT_SANDBOXING = NO;
				GENERATE_INFOPLIST_FILE = YES;
				"INFOPLIST_KEY_UIApplicationSceneManifest_Generation[sdk=iphoneos*]" = YES;
				"INFOPLIST_KEY_UIApplicationSceneManifest_Generation[sdk=iphonesimulator*]" = YES;
				"INFOPLIST_KEY_UIApplicationSupportsIndirectInputEvents[sdk=iphoneos*]" = YES;
				"INFOPLIST_KEY_UIApplicationSupportsIndirectInputEvents[sdk=iphonesimulator*]" = YES;
				"INFOPLIST_KEY_UILaunchScreen_Generation[sdk=iphoneos*]" = YES;
				"INFOPLIST_KEY_UILaunchScreen_Generation[sdk=iphonesimulator*]" = YES;
				INFOPLIST_KEY_UILaunchStoryboardName = "Launch Screen.storyboard";
				"INFOPLIST_KEY_UIStatusBarStyle[sdk=iphoneos*]" = UIStatusBarStyleDefault;
				"INFOPLIST_KEY_UIStatusBarStyle[sdk=iphonesimulator*]" = UIStatusBarStyleDefault;
				INFOPLIST_KEY_UISupportedInterfaceOrientations = UIInterfaceOrientationPortrait;
				INFOPLIST_KEY_UISupportedInterfaceOrientations_iPad = "UIInterfaceOrientationLandscapeLeft UIInterfaceOrientationLandscapeRight UIInterfaceOrientationPortrait UIInterfaceOrientationPortraitUpsideDown";
				IPHONEOS_DEPLOYMENT_TARGET = 16.0;
				LD_RUNPATH_SEARCH_PATHS = "@executable_path/Frameworks";
				"LD_RUNPATH_SEARCH_PATHS[sdk=macosx*]" = "@executable_path/../Frameworks";
				MACOSX_DEPLOYMENT_TARGET = 14.2;
				MARKETING_VERSION = 1.0;
				PRODUCT_BUNDLE_IDENTIFIER = emman.Catology;
				PRODUCT_NAME = "$(TARGET_NAME)";
				SDKROOT = auto;
				SUPPORTED_PLATFORMS = "iphoneos iphonesimulator";
				SUPPORTS_MACCATALYST = NO;
				SWIFT_EMIT_LOC_STRINGS = YES;
				SWIFT_VERSION = 5.0;
				TARGETED_DEVICE_FAMILY = 1;
			};
			name = Release;
		};
		6528AE7B2CB4FE5000D48DD1 /* Debug */ = {
			isa = XCBuildConfiguration;
			buildSettings = {
				ALWAYS_EMBED_SWIFT_STANDARD_LIBRARIES = YES;
				BUNDLE_LOADER = "$(TEST_HOST)";
				CLANG_ENABLE_MODULES = YES;
				CODE_SIGN_STYLE = Automatic;
				CURRENT_PROJECT_VERSION = 1;
				DEVELOPMENT_TEAM = 6R373M5SPD;
				GENERATE_INFOPLIST_FILE = YES;
				IPHONEOS_DEPLOYMENT_TARGET = 17.5;
				MACOSX_DEPLOYMENT_TARGET = 14.2;
				MARKETING_VERSION = 1.0;
				PRODUCT_BUNDLE_IDENTIFIER = emman.CatologyTests;
				PRODUCT_NAME = "$(TARGET_NAME)";
				SDKROOT = auto;
				SUPPORTED_PLATFORMS = "iphoneos iphonesimulator";
				SUPPORTS_MACCATALYST = NO;
				SWIFT_EMIT_LOC_STRINGS = NO;
				SWIFT_OPTIMIZATION_LEVEL = "-Onone";
				SWIFT_VERSION = 5.0;
				TARGETED_DEVICE_FAMILY = 1;
				TEST_HOST = "$(BUILT_PRODUCTS_DIR)/Catology.app/$(BUNDLE_EXECUTABLE_FOLDER_PATH)/Catology";
			};
			name = Debug;
		};
		6528AE7C2CB4FE5000D48DD1 /* Release */ = {
			isa = XCBuildConfiguration;
			buildSettings = {
				ALWAYS_EMBED_SWIFT_STANDARD_LIBRARIES = YES;
				BUNDLE_LOADER = "$(TEST_HOST)";
				CLANG_ENABLE_MODULES = YES;
				CODE_SIGN_STYLE = Automatic;
				CURRENT_PROJECT_VERSION = 1;
				DEVELOPMENT_TEAM = 6R373M5SPD;
				GENERATE_INFOPLIST_FILE = YES;
				IPHONEOS_DEPLOYMENT_TARGET = 17.5;
				MACOSX_DEPLOYMENT_TARGET = 14.2;
				MARKETING_VERSION = 1.0;
				PRODUCT_BUNDLE_IDENTIFIER = emman.CatologyTests;
				PRODUCT_NAME = "$(TARGET_NAME)";
				SDKROOT = auto;
				SUPPORTED_PLATFORMS = "iphoneos iphonesimulator";
				SUPPORTS_MACCATALYST = NO;
				SWIFT_EMIT_LOC_STRINGS = NO;
				SWIFT_VERSION = 5.0;
				TARGETED_DEVICE_FAMILY = 1;
				TEST_HOST = "$(BUILT_PRODUCTS_DIR)/Catology.app/$(BUNDLE_EXECUTABLE_FOLDER_PATH)/Catology";
			};
			name = Release;
		};
		6528AE7E2CB4FE5000D48DD1 /* Debug */ = {
			isa = XCBuildConfiguration;
			buildSettings = {
				ALWAYS_EMBED_SWIFT_STANDARD_LIBRARIES = YES;
				CLANG_ENABLE_MODULES = YES;
				CODE_SIGN_STYLE = Automatic;
				CURRENT_PROJECT_VERSION = 1;
				DEVELOPMENT_TEAM = 6R373M5SPD;
				GENERATE_INFOPLIST_FILE = YES;
				IPHONEOS_DEPLOYMENT_TARGET = 17.5;
				MACOSX_DEPLOYMENT_TARGET = 14.2;
				MARKETING_VERSION = 1.0;
				PRODUCT_BUNDLE_IDENTIFIER = emman.CatologyUITests;
				PRODUCT_NAME = "$(TARGET_NAME)";
				SDKROOT = auto;
				SUPPORTED_PLATFORMS = macosx;
				SUPPORTS_MACCATALYST = NO;
				SWIFT_EMIT_LOC_STRINGS = NO;
				SWIFT_OPTIMIZATION_LEVEL = "-Onone";
				SWIFT_VERSION = 5.0;
				TEST_TARGET_NAME = Catology;
			};
			name = Debug;
		};
		6528AE7F2CB4FE5000D48DD1 /* Release */ = {
			isa = XCBuildConfiguration;
			buildSettings = {
				ALWAYS_EMBED_SWIFT_STANDARD_LIBRARIES = YES;
				CLANG_ENABLE_MODULES = YES;
				CODE_SIGN_STYLE = Automatic;
				CURRENT_PROJECT_VERSION = 1;
				DEVELOPMENT_TEAM = 6R373M5SPD;
				GENERATE_INFOPLIST_FILE = YES;
				IPHONEOS_DEPLOYMENT_TARGET = 17.5;
				MACOSX_DEPLOYMENT_TARGET = 14.2;
				MARKETING_VERSION = 1.0;
				PRODUCT_BUNDLE_IDENTIFIER = emman.CatologyUITests;
				PRODUCT_NAME = "$(TARGET_NAME)";
				SDKROOT = auto;
				SUPPORTED_PLATFORMS = macosx;
				SUPPORTS_MACCATALYST = NO;
				SWIFT_EMIT_LOC_STRINGS = NO;
				SWIFT_VERSION = 5.0;
				TEST_TARGET_NAME = Catology;
			};
			name = Release;
		};
/* End XCBuildConfiguration section */

/* Begin XCConfigurationList section */
		6528AE4D2CB4FE4E00D48DD1 /* Build configuration list for PBXProject "Catology" */ = {
			isa = XCConfigurationList;
			buildConfigurations = (
				6528AE752CB4FE5000D48DD1 /* Debug */,
				6528AE762CB4FE5000D48DD1 /* Release */,
			);
			defaultConfigurationIsVisible = 0;
			defaultConfigurationName = Release;
		};
		6528AE772CB4FE5000D48DD1 /* Build configuration list for PBXNativeTarget "Catology" */ = {
			isa = XCConfigurationList;
			buildConfigurations = (
				6528AE782CB4FE5000D48DD1 /* Debug */,
				6528AE792CB4FE5000D48DD1 /* Release */,
			);
			defaultConfigurationIsVisible = 0;
			defaultConfigurationName = Release;
		};
		6528AE7A2CB4FE5000D48DD1 /* Build configuration list for PBXNativeTarget "CatologyTests" */ = {
			isa = XCConfigurationList;
			buildConfigurations = (
				6528AE7B2CB4FE5000D48DD1 /* Debug */,
				6528AE7C2CB4FE5000D48DD1 /* Release */,
			);
			defaultConfigurationIsVisible = 0;
			defaultConfigurationName = Release;
		};
		6528AE7D2CB4FE5000D48DD1 /* Build configuration list for PBXNativeTarget "CatologyUITests" */ = {
			isa = XCConfigurationList;
			buildConfigurations = (
				6528AE7E2CB4FE5000D48DD1 /* Debug */,
				6528AE7F2CB4FE5000D48DD1 /* Release */,
			);
			defaultConfigurationIsVisible = 0;
			defaultConfigurationName = Release;
		};
/* End XCConfigurationList section */
	};
	rootObject = 6528AE4A2CB4FE4E00D48DD1 /* Project object */;
}
